// !$*UTF8*$!
{
	archiveVersion = 1;
	classes = {
	};
	objectVersion = 56;
	objects = {

/* Begin PBXBuildFile section */
		1BE0DDF229A3A80200B5930F /* AppDelegate.swift in Sources */ = {isa = PBXBuildFile; fileRef = 1BE0DDF129A3A80200B5930F /* AppDelegate.swift */; };
		1BE0DDF429A3A80200B5930F /* SceneDelegate.swift in Sources */ = {isa = PBXBuildFile; fileRef = 1BE0DDF329A3A80200B5930F /* SceneDelegate.swift */; };
		1BE0DDF629A3A80200B5930F /* ViewController.swift in Sources */ = {isa = PBXBuildFile; fileRef = 1BE0DDF529A3A80200B5930F /* ViewController.swift */; };
		1BE0DDF929A3A80200B5930F /* Main.storyboard in Resources */ = {isa = PBXBuildFile; fileRef = 1BE0DDF729A3A80200B5930F /* Main.storyboard */; };
		1BE0DDFB29A3A80300B5930F /* Assets.xcassets in Resources */ = {isa = PBXBuildFile; fileRef = 1BE0DDFA29A3A80300B5930F /* Assets.xcassets */; };
		1BE0DDFE29A3A80300B5930F /* LaunchScreen.storyboard in Resources */ = {isa = PBXBuildFile; fileRef = 1BE0DDFC29A3A80300B5930F /* LaunchScreen.storyboard */; };
		1BE0DE0A29A3ACF300B5930F /* CalcService.swift in Sources */ = {isa = PBXBuildFile; fileRef = 1BE0DE0929A3ACF300B5930F /* CalcService.swift */; };
		1BE0DE0C29A3AD7E00B5930F /* Operations.swift in Sources */ = {isa = PBXBuildFile; fileRef = 1BE0DE0B29A3AD7E00B5930F /* Operations.swift */; };
/* End PBXBuildFile section */

/* Begin PBXFileReference section */
		1BE0DDEE29A3A80200B5930F /* SystemCalculator.app */ = {isa = PBXFileReference; explicitFileType = wrapper.application; includeInIndex = 0; path = SystemCalculator.app; sourceTree = BUILT_PRODUCTS_DIR; };
		1BE0DDF129A3A80200B5930F /* AppDelegate.swift */ = {isa = PBXFileReference; lastKnownFileType = sourcecode.swift; path = AppDelegate.swift; sourceTree = "<group>"; };
		1BE0DDF329A3A80200B5930F /* SceneDelegate.swift */ = {isa = PBXFileReference; lastKnownFileType = sourcecode.swift; path = SceneDelegate.swift; sourceTree = "<group>"; };
		1BE0DDF529A3A80200B5930F /* ViewController.swift */ = {isa = PBXFileReference; lastKnownFileType = sourcecode.swift; path = ViewController.swift; sourceTree = "<group>"; };
		1BE0DDF829A3A80200B5930F /* Base */ = {isa = PBXFileReference; lastKnownFileType = file.storyboard; name = Base; path = Base.lproj/Main.storyboard; sourceTree = "<group>"; };
		1BE0DDFA29A3A80300B5930F /* Assets.xcassets */ = {isa = PBXFileReference; lastKnownFileType = folder.assetcatalog; path = Assets.xcassets; sourceTree = "<group>"; };
		1BE0DDFD29A3A80300B5930F /* Base */ = {isa = PBXFileReference; lastKnownFileType = file.storyboard; name = Base; path = Base.lproj/LaunchScreen.storyboard; sourceTree = "<group>"; };
		1BE0DDFF29A3A80300B5930F /* Info.plist */ = {isa = PBXFileReference; lastKnownFileType = text.plist.xml; path = Info.plist; sourceTree = "<group>"; };
		1BE0DE0929A3ACF300B5930F /* CalcService.swift */ = {isa = PBXFileReference; lastKnownFileType = sourcecode.swift; path = CalcService.swift; sourceTree = "<group>"; };
		1BE0DE0B29A3AD7E00B5930F /* Operations.swift */ = {isa = PBXFileReference; lastKnownFileType = sourcecode.swift; path = Operations.swift; sourceTree = "<group>"; };
/* End PBXFileReference section */

/* Begin PBXFrameworksBuildPhase section */
		1BE0DDEB29A3A80200B5930F /* Frameworks */ = {
			isa = PBXFrameworksBuildPhase;
			buildActionMask = 2147483647;
			files = (
			);
			runOnlyForDeploymentPostprocessing = 0;
		};
/* End PBXFrameworksBuildPhase section */

/* Begin PBXGroup section */
		1BE0DDE529A3A80100B5930F = {
			isa = PBXGroup;
			children = (
				1BE0DDF029A3A80200B5930F /* SystemCalculator */,
				1BE0DDEF29A3A80200B5930F /* Products */,
			);
			sourceTree = "<group>";
		};
		1BE0DDEF29A3A80200B5930F /* Products */ = {
			isa = PBXGroup;
			children = (
				1BE0DDEE29A3A80200B5930F /* SystemCalculator.app */,
			);
			name = Products;
			sourceTree = "<group>";
		};
		1BE0DDF029A3A80200B5930F /* SystemCalculator */ = {
			isa = PBXGroup;
			children = (
				1BE0DE0829A3AC3E00B5930F /* App */,
				1BE0DE0729A3AC1800B5930F /* Controller */,
				1BE0DE0629A3AC0300B5930F /* Model */,
				1BE0DE0529A3ABEC00B5930F /* ViewController */,
				1BE0DDFA29A3A80300B5930F /* Assets.xcassets */,
				1BE0DDFF29A3A80300B5930F /* Info.plist */,
			);
			path = SystemCalculator;
			sourceTree = "<group>";
		};
		1BE0DE0529A3ABEC00B5930F /* ViewController */ = {
			isa = PBXGroup;
			children = (
				1BE0DDF729A3A80200B5930F /* Main.storyboard */,
				1BE0DDF529A3A80200B5930F /* ViewController.swift */,
				1BE0DDFC29A3A80300B5930F /* LaunchScreen.storyboard */,
			);
			path = ViewController;
			sourceTree = "<group>";
		};
		1BE0DE0629A3AC0300B5930F /* Model */ = {
			isa = PBXGroup;
			children = (
				1BE0DE0929A3ACF300B5930F /* CalcService.swift */,
				1BE0DE0B29A3AD7E00B5930F /* Operations.swift */,
			);
			path = Model;
			sourceTree = "<group>";
		};
		1BE0DE0729A3AC1800B5930F /* Controller */ = {
			isa = PBXGroup;
			children = (
			);
			path = Controller;
			sourceTree = "<group>";
		};
		1BE0DE0829A3AC3E00B5930F /* App */ = {
			isa = PBXGroup;
			children = (
				1BE0DDF129A3A80200B5930F /* AppDelegate.swift */,
				1BE0DDF329A3A80200B5930F /* SceneDelegate.swift */,
			);
			path = App;
			sourceTree = "<group>";
		};
/* End PBXGroup section */

/* Begin PBXNativeTarget section */
		1BE0DDED29A3A80200B5930F /* SystemCalculator */ = {
			isa = PBXNativeTarget;
			buildConfigurationList = 1BE0DE0229A3A80300B5930F /* Build configuration list for PBXNativeTarget "SystemCalculator" */;
			buildPhases = (
				1BE0DDEA29A3A80200B5930F /* Sources */,
				1BE0DDEB29A3A80200B5930F /* Frameworks */,
				1BE0DDEC29A3A80200B5930F /* Resources */,
			);
			buildRules = (
			);
			dependencies = (
			);
			name = SystemCalculator;
			productName = SystemCalculator;
			productReference = 1BE0DDEE29A3A80200B5930F /* SystemCalculator.app */;
			productType = "com.apple.product-type.application";
		};
/* End PBXNativeTarget section */

/* Begin PBXProject section */
		1BE0DDE629A3A80100B5930F /* Project object */ = {
			isa = PBXProject;
			attributes = {
				BuildIndependentTargetsInParallel = 1;
				LastSwiftUpdateCheck = 1420;
				LastUpgradeCheck = 1420;
				TargetAttributes = {
					1BE0DDED29A3A80200B5930F = {
						CreatedOnToolsVersion = 14.2;
					};
				};
			};
			buildConfigurationList = 1BE0DDE929A3A80100B5930F /* Build configuration list for PBXProject "SystemCalculator" */;
			compatibilityVersion = "Xcode 14.0";
			developmentRegion = en;
			hasScannedForEncodings = 0;
			knownRegions = (
				en,
				Base,
			);
			mainGroup = 1BE0DDE529A3A80100B5930F;
			productRefGroup = 1BE0DDEF29A3A80200B5930F /* Products */;
			projectDirPath = "";
			projectRoot = "";
			targets = (
				1BE0DDED29A3A80200B5930F /* SystemCalculator */,
			);
		};
/* End PBXProject section */

/* Begin PBXResourcesBuildPhase section */
		1BE0DDEC29A3A80200B5930F /* Resources */ = {
			isa = PBXResourcesBuildPhase;
			buildActionMask = 2147483647;
			files = (
				1BE0DDFE29A3A80300B5930F /* LaunchScreen.storyboard in Resources */,
				1BE0DDFB29A3A80300B5930F /* Assets.xcassets in Resources */,
				1BE0DDF929A3A80200B5930F /* Main.storyboard in Resources */,
			);
			runOnlyForDeploymentPostprocessing = 0;
		};
/* End PBXResourcesBuildPhase section */

/* Begin PBXSourcesBuildPhase section */
		1BE0DDEA29A3A80200B5930F /* Sources */ = {
			isa = PBXSourcesBuildPhase;
			buildActionMask = 2147483647;
			files = (
				1BE0DE0A29A3ACF300B5930F /* CalcService.swift in Sources */,
				1BE0DDF629A3A80200B5930F /* ViewController.swift in Sources */,
				1BE0DDF229A3A80200B5930F /* AppDelegate.swift in Sources */,
				1BE0DDF429A3A80200B5930F /* SceneDelegate.swift in Sources */,
				1BE0DE0C29A3AD7E00B5930F /* Operations.swift in Sources */,
			);
			runOnlyForDeploymentPostprocessing = 0;
		};
/* End PBXSourcesBuildPhase section */

/* Begin PBXVariantGroup section */
		1BE0DDF729A3A80200B5930F /* Main.storyboard */ = {
			isa = PBXVariantGroup;
			children = (
				1BE0DDF829A3A80200B5930F /* Base */,
			);
			name = Main.storyboard;
			sourceTree = "<group>";
		};
		1BE0DDFC29A3A80300B5930F /* LaunchScreen.storyboard */ = {
			isa = PBXVariantGroup;
			children = (
				1BE0DDFD29A3A80300B5930F /* Base */,
			);
			name = LaunchScreen.storyboard;
			sourceTree = "<group>";
		};
/* End PBXVariantGroup section */

/* Begin XCBuildConfiguration section */
		1BE0DE0029A3A80300B5930F /* Debug */ = {
			isa = XCBuildConfiguration;
			buildSettings = {
				ALWAYS_SEARCH_USER_PATHS = NO;
				CLANG_ANALYZER_NONNULL = YES;
				CLANG_ANALYZER_NUMBER_OBJECT_CONVERSION = YES_AGGRESSIVE;
				CLANG_CXX_LANGUAGE_STANDARD = "gnu++20";
				CLANG_ENABLE_MODULES = YES;
				CLANG_ENABLE_OBJC_ARC = YES;
				CLANG_ENABLE_OBJC_WEAK = YES;
				CLANG_WARN_BLOCK_CAPTURE_AUTORELEASING = YES;
				CLANG_WARN_BOOL_CONVERSION = YES;
				CLANG_WARN_COMMA = YES;
				CLANG_WARN_CONSTANT_CONVERSION = YES;
				CLANG_WARN_DEPRECATED_OBJC_IMPLEMENTATIONS = YES;
				CLANG_WARN_DIRECT_OBJC_ISA_USAGE = YES_ERROR;
				CLANG_WARN_DOCUMENTATION_COMMENTS = YES;
				CLANG_WARN_EMPTY_BODY = YES;
				CLANG_WARN_ENUM_CONVERSION = YES;
				CLANG_WARN_INFINITE_RECURSION = YES;
				CLANG_WARN_INT_CONVERSION = YES;
				CLANG_WARN_NON_LITERAL_NULL_CONVERSION = YES;
				CLANG_WARN_OBJC_IMPLICIT_RETAIN_SELF = YES;
				CLANG_WARN_OBJC_LITERAL_CONVERSION = YES;
				CLANG_WARN_OBJC_ROOT_CLASS = YES_ERROR;
				CLANG_WARN_QUOTED_INCLUDE_IN_FRAMEWORK_HEADER = YES;
				CLANG_WARN_RANGE_LOOP_ANALYSIS = YES;
				CLANG_WARN_STRICT_PROTOTYPES = YES;
				CLANG_WARN_SUSPICIOUS_MOVE = YES;
				CLANG_WARN_UNGUARDED_AVAILABILITY = YES_AGGRESSIVE;
				CLANG_WARN_UNREACHABLE_CODE = YES;
				CLANG_WARN__DUPLICATE_METHOD_MATCH = YES;
				COPY_PHASE_STRIP = NO;
				DEBUG_INFORMATION_FORMAT = dwarf;
				ENABLE_STRICT_OBJC_MSGSEND = YES;
				ENABLE_TESTABILITY = YES;
				GCC_C_LANGUAGE_STANDARD = gnu11;
				GCC_DYNAMIC_NO_PIC = NO;
				GCC_NO_COMMON_BLOCKS = YES;
				GCC_OPTIMIZATION_LEVEL = 0;
				GCC_PREPROCESSOR_DEFINITIONS = (
					"DEBUG=1",
					"$(inherited)",
				);
				GCC_WARN_64_TO_32_BIT_CONVERSION = YES;
				GCC_WARN_ABOUT_RETURN_TYPE = YES_ERROR;
				GCC_WARN_UNDECLARED_SELECTOR = YES;
				GCC_WARN_UNINITIALIZED_AUTOS = YES_AGGRESSIVE;
				GCC_WARN_UNUSED_FUNCTION = YES;
				GCC_WARN_UNUSED_VARIABLE = YES;
				IPHONEOS_DEPLOYMENT_TARGET = 16.2;
				MTL_ENABLE_DEBUG_INFO = INCLUDE_SOURCE;
				MTL_FAST_MATH = YES;
				ONLY_ACTIVE_ARCH = YES;
				SDKROOT = iphoneos;
				SWIFT_ACTIVE_COMPILATION_CONDITIONS = DEBUG;
				SWIFT_OPTIMIZATION_LEVEL = "-Onone";
			};
			name = Debug;
		};
		1BE0DE0129A3A80300B5930F /* Release */ = {
			isa = XCBuildConfiguration;
			buildSettings = {
				ALWAYS_SEARCH_USER_PATHS = NO;
				CLANG_ANALYZER_NONNULL = YES;
				CLANG_ANALYZER_NUMBER_OBJECT_CONVERSION = YES_AGGRESSIVE;
				CLANG_CXX_LANGUAGE_STANDARD = "gnu++20";
				CLANG_ENABLE_MODULES = YES;
				CLANG_ENABLE_OBJC_ARC = YES;
				CLANG_ENABLE_OBJC_WEAK = YES;
				CLANG_WARN_BLOCK_CAPTURE_AUTORELEASING = YES;
				CLANG_WARN_BOOL_CONVERSION = YES;
				CLANG_WARN_COMMA = YES;
				CLANG_WARN_CONSTANT_CONVERSION = YES;
				CLANG_WARN_DEPRECATED_OBJC_IMPLEMENTATIONS = YES;
				CLANG_WARN_DIRECT_OBJC_ISA_USAGE = YES_ERROR;
				CLANG_WARN_DOCUMENTATION_COMMENTS = YES;
				CLANG_WARN_EMPTY_BODY = YES;
				CLANG_WARN_ENUM_CONVERSION = YES;
				CLANG_WARN_INFINITE_RECURSION = YES;
				CLANG_WARN_INT_CONVERSION = YES;
				CLANG_WARN_NON_LITERAL_NULL_CONVERSION = YES;
				CLANG_WARN_OBJC_IMPLICIT_RETAIN_SELF = YES;
				CLANG_WARN_OBJC_LITERAL_CONVERSION = YES;
				CLANG_WARN_OBJC_ROOT_CLASS = YES_ERROR;
				CLANG_WARN_QUOTED_INCLUDE_IN_FRAMEWORK_HEADER = YES;
				CLANG_WARN_RANGE_LOOP_ANALYSIS = YES;
				CLANG_WARN_STRICT_PROTOTYPES = YES;
				CLANG_WARN_SUSPICIOUS_MOVE = YES;
				CLANG_WARN_UNGUARDED_AVAILABILITY = YES_AGGRESSIVE;
				CLANG_WARN_UNREACHABLE_CODE = YES;
				CLANG_WARN__DUPLICATE_METHOD_MATCH = YES;
				COPY_PHASE_STRIP = NO;
				DEBUG_INFORMATION_FORMAT = "dwarf-with-dsym";
				ENABLE_NS_ASSERTIONS = NO;
				ENABLE_STRICT_OBJC_MSGSEND = YES;
				GCC_C_LANGUAGE_STANDARD = gnu11;
				GCC_NO_COMMON_BLOCKS = YES;
				GCC_WARN_64_TO_32_BIT_CONVERSION = YES;
				GCC_WARN_ABOUT_RETURN_TYPE = YES_ERROR;
				GCC_WARN_UNDECLARED_SELECTOR = YES;
				GCC_WARN_UNINITIALIZED_AUTOS = YES_AGGRESSIVE;
				GCC_WARN_UNUSED_FUNCTION = YES;
				GCC_WARN_UNUSED_VARIABLE = YES;
				IPHONEOS_DEPLOYMENT_TARGET = 16.2;
				MTL_ENABLE_DEBUG_INFO = NO;
				MTL_FAST_MATH = YES;
				SDKROOT = iphoneos;
				SWIFT_COMPILATION_MODE = wholemodule;
				SWIFT_OPTIMIZATION_LEVEL = "-O";
				VALIDATE_PRODUCT = YES;
			};
			name = Release;
		};
		1BE0DE0329A3A80300B5930F /* Debug */ = {
			isa = XCBuildConfiguration;
			buildSettings = {
				ASSETCATALOG_COMPILER_APPICON_NAME = AppIcon;
				ASSETCATALOG_COMPILER_GLOBAL_ACCENT_COLOR_NAME = AccentColor;
				CODE_SIGN_STYLE = Automatic;
				CURRENT_PROJECT_VERSION = 1;
				DEVELOPMENT_TEAM = T4S8AB5682;
				GENERATE_INFOPLIST_FILE = YES;
				INFOPLIST_FILE = SystemCalculator/Info.plist;
				INFOPLIST_KEY_UIApplicationSupportsIndirectInputEvents = YES;
				INFOPLIST_KEY_UILaunchStoryboardName = LaunchScreen;
				INFOPLIST_KEY_UIMainStoryboardFile = Main;
				INFOPLIST_KEY_UISupportedInterfaceOrientations_iPad = "UIInterfaceOrientationPortrait UIInterfaceOrientationPortraitUpsideDown UIInterfaceOrientationLandscapeLeft UIInterfaceOrientationLandscapeRight";
				INFOPLIST_KEY_UISupportedInterfaceOrientations_iPhone = "UIInterfaceOrientationPortrait UIInterfaceOrientationLandscapeLeft UIInterfaceOrientationLandscapeRight";
				LD_RUNPATH_SEARCH_PATHS = (
					"$(inherited)",
					"@executable_path/Frameworks",
				);
				MARKETING_VERSION = 1.0;
				PRODUCT_BUNDLE_IDENTIFIER = "Sergio-Mascarpone.SystemCalculator";
				PRODUCT_NAME = "$(TARGET_NAME)";
				SWIFT_EMIT_LOC_STRINGS = YES;
				SWIFT_VERSION = 5.0;
				TARGETED_DEVICE_FAMILY = "1,2";
			};
			name = Debug;
		};
		1BE0DE0429A3A80300B5930F /* Release */ = {
			isa = XCBuildConfiguration;
			buildSettings = {
				ASSETCATALOG_COMPILER_APPICON_NAME = AppIcon;
				ASSETCATALOG_COMPILER_GLOBAL_ACCENT_COLOR_NAME = AccentColor;
				CODE_SIGN_STYLE = Automatic;
				CURRENT_PROJECT_VERSION = 1;
				DEVELOPMENT_TEAM = T4S8AB5682;
				GENERATE_INFOPLIST_FILE = YES;
				INFOPLIST_FILE = SystemCalculator/Info.plist;
				INFOPLIST_KEY_UIApplicationSupportsIndirectInputEvents = YES;
				INFOPLIST_KEY_UILaunchStoryboardName = LaunchScreen;
				INFOPLIST_KEY_UIMainStoryboardFile = Main;
				INFOPLIST_KEY_UISupportedInterfaceOrientations_iPad = "UIInterfaceOrientationPortrait UIInterfaceOrientationPortraitUpsideDown UIInterfaceOrientationLandscapeLeft UIInterfaceOrientationLandscapeRight";
				INFOPLIST_KEY_UISupportedInterfaceOrientations_iPhone = "UIInterfaceOrientationPortrait UIInterfaceOrientationLandscapeLeft UIInterfaceOrientationLandscapeRight";
				LD_RUNPATH_SEARCH_PATHS = (
					"$(inherited)",
					"@executable_path/Frameworks",
				);
				MARKETING_VERSION = 1.0;
				PRODUCT_BUNDLE_IDENTIFIER = "Sergio-Mascarpone.SystemCalculator";
				PRODUCT_NAME = "$(TARGET_NAME)";
				SWIFT_EMIT_LOC_STRINGS = YES;
				SWIFT_VERSION = 5.0;
				TARGETED_DEVICE_FAMILY = "1,2";
			};
			name = Release;
		};
/* End XCBuildConfiguration section */

/* Begin XCConfigurationList section */
		1BE0DDE929A3A80100B5930F /* Build configuration list for PBXProject "SystemCalculator" */ = {
			isa = XCConfigurationList;
			buildConfigurations = (
				1BE0DE0029A3A80300B5930F /* Debug */,
				1BE0DE0129A3A80300B5930F /* Release */,
			);
			defaultConfigurationIsVisible = 0;
			defaultConfigurationName = Release;
		};
		1BE0DE0229A3A80300B5930F /* Build configuration list for PBXNativeTarget "SystemCalculator" */ = {
			isa = XCConfigurationList;
			buildConfigurations = (
				1BE0DE0329A3A80300B5930F /* Debug */,
				1BE0DE0429A3A80300B5930F /* Release */,
			);
			defaultConfigurationIsVisible = 0;
			defaultConfigurationName = Release;
		};
/* End XCConfigurationList section */
	};
	rootObject = 1BE0DDE629A3A80100B5930F /* Project object */;
}
