// !$*UTF8*$!
{
	archiveVersion = 1;
	classes = {
	};
	objectVersion = 56;
	objects = {

/* Begin PBXBuildFile section */
		1BD1E43A2A59C228009A48E6 /* AppDelegate.swift in Sources */ = {isa = PBXBuildFile; fileRef = 1BD1E4392A59C228009A48E6 /* AppDelegate.swift */; };
		1BD1E43C2A59C228009A48E6 /* SceneDelegate.swift in Sources */ = {isa = PBXBuildFile; fileRef = 1BD1E43B2A59C228009A48E6 /* SceneDelegate.swift */; };
		1BD1E4412A59C228009A48E6 /* Main.storyboard in Resources */ = {isa = PBXBuildFile; fileRef = 1BD1E43F2A59C228009A48E6 /* Main.storyboard */; };
		1BD1E4432A59C22B009A48E6 /* Assets.xcassets in Resources */ = {isa = PBXBuildFile; fileRef = 1BD1E4422A59C22B009A48E6 /* Assets.xcassets */; };
		1BD1E4462A59C22B009A48E6 /* LaunchScreen.storyboard in Resources */ = {isa = PBXBuildFile; fileRef = 1BD1E4442A59C22B009A48E6 /* LaunchScreen.storyboard */; };
		1BD1E4592A59C766009A48E6 /* MainViewController.swift in Sources */ = {isa = PBXBuildFile; fileRef = 1BD1E4582A59C766009A48E6 /* MainViewController.swift */; };
		1BD1E45B2A59C800009A48E6 /* RegistrationView.swift in Sources */ = {isa = PBXBuildFile; fileRef = 1BD1E45A2A59C800009A48E6 /* RegistrationView.swift */; };
		1BD1E45D2A59C82A009A48E6 /* EmailView.swift in Sources */ = {isa = PBXBuildFile; fileRef = 1BD1E45C2A59C82A009A48E6 /* EmailView.swift */; };
		1BD1E45F2A59C870009A48E6 /* BookCollectionViewController.swift in Sources */ = {isa = PBXBuildFile; fileRef = 1BD1E45E2A59C870009A48E6 /* BookCollectionViewController.swift */; };
/* End PBXBuildFile section */

/* Begin PBXFileReference section */
		1BD1E4362A59C228009A48E6 /* MyPetProject(BookStore).app */ = {isa = PBXFileReference; explicitFileType = wrapper.application; includeInIndex = 0; path = "MyPetProject(BookStore).app"; sourceTree = BUILT_PRODUCTS_DIR; };
		1BD1E4392A59C228009A48E6 /* AppDelegate.swift */ = {isa = PBXFileReference; lastKnownFileType = sourcecode.swift; path = AppDelegate.swift; sourceTree = "<group>"; };
		1BD1E43B2A59C228009A48E6 /* SceneDelegate.swift */ = {isa = PBXFileReference; lastKnownFileType = sourcecode.swift; path = SceneDelegate.swift; sourceTree = "<group>"; };
		1BD1E4402A59C228009A48E6 /* Base */ = {isa = PBXFileReference; lastKnownFileType = file.storyboard; name = Base; path = Base.lproj/Main.storyboard; sourceTree = "<group>"; };
		1BD1E4422A59C22B009A48E6 /* Assets.xcassets */ = {isa = PBXFileReference; lastKnownFileType = folder.assetcatalog; path = Assets.xcassets; sourceTree = "<group>"; };
		1BD1E4452A59C22B009A48E6 /* Base */ = {isa = PBXFileReference; lastKnownFileType = file.storyboard; name = Base; path = Base.lproj/LaunchScreen.storyboard; sourceTree = "<group>"; };
		1BD1E4472A59C22B009A48E6 /* Info.plist */ = {isa = PBXFileReference; lastKnownFileType = text.plist.xml; path = Info.plist; sourceTree = "<group>"; };
		1BD1E4582A59C766009A48E6 /* MainViewController.swift */ = {isa = PBXFileReference; lastKnownFileType = sourcecode.swift; path = MainViewController.swift; sourceTree = "<group>"; };
		1BD1E45A2A59C800009A48E6 /* RegistrationView.swift */ = {isa = PBXFileReference; lastKnownFileType = sourcecode.swift; path = RegistrationView.swift; sourceTree = "<group>"; };
		1BD1E45C2A59C82A009A48E6 /* EmailView.swift */ = {isa = PBXFileReference; lastKnownFileType = sourcecode.swift; path = EmailView.swift; sourceTree = "<group>"; };
		1BD1E45E2A59C870009A48E6 /* BookCollectionViewController.swift */ = {isa = PBXFileReference; lastKnownFileType = sourcecode.swift; path = BookCollectionViewController.swift; sourceTree = "<group>"; };
/* End PBXFileReference section */

/* Begin PBXFrameworksBuildPhase section */
		1BD1E4332A59C228009A48E6 /* Frameworks */ = {
			isa = PBXFrameworksBuildPhase;
			buildActionMask = 2147483647;
			files = (
			);
			runOnlyForDeploymentPostprocessing = 0;
		};
/* End PBXFrameworksBuildPhase section */

/* Begin PBXGroup section */
		1BD1E42D2A59C228009A48E6 = {
			isa = PBXGroup;
			children = (
				1BD1E4382A59C228009A48E6 /* MyPetProject(BookStore) */,
				1BD1E4372A59C228009A48E6 /* Products */,
			);
			sourceTree = "<group>";
		};
		1BD1E4372A59C228009A48E6 /* Products */ = {
			isa = PBXGroup;
			children = (
				1BD1E4362A59C228009A48E6 /* MyPetProject(BookStore).app */,
			);
			name = Products;
			sourceTree = "<group>";
		};
		1BD1E4382A59C228009A48E6 /* MyPetProject(BookStore) */ = {
			isa = PBXGroup;
			children = (
				1BD1E44D2A59C25E009A48E6 /* AppDelegate */,
				1BD1E44E2A59C27F009A48E6 /* MainView */,
				1BD1E44F2A59C294009A48E6 /* RegistrView */,
				1BD1E43F2A59C228009A48E6 /* Main.storyboard */,
				1BD1E4422A59C22B009A48E6 /* Assets.xcassets */,
				1BD1E4442A59C22B009A48E6 /* LaunchScreen.storyboard */,
				1BD1E4472A59C22B009A48E6 /* Info.plist */,
			);
			path = "MyPetProject(BookStore)";
			sourceTree = "<group>";
		};
		1BD1E44D2A59C25E009A48E6 /* AppDelegate */ = {
			isa = PBXGroup;
			children = (
				1BD1E4392A59C228009A48E6 /* AppDelegate.swift */,
				1BD1E43B2A59C228009A48E6 /* SceneDelegate.swift */,
			);
			path = AppDelegate;
			sourceTree = "<group>";
		};
		1BD1E44E2A59C27F009A48E6 /* MainView */ = {
			isa = PBXGroup;
			children = (
				1BD1E4582A59C766009A48E6 /* MainViewController.swift */,
			);
			path = MainView;
			sourceTree = "<group>";
		};
		1BD1E44F2A59C294009A48E6 /* RegistrView */ = {
			isa = PBXGroup;
			children = (
				1BD1E45A2A59C800009A48E6 /* RegistrationView.swift */,
				1BD1E45C2A59C82A009A48E6 /* EmailView.swift */,
				1BD1E45E2A59C870009A48E6 /* BookCollectionViewController.swift */,
			);
			path = RegistrView;
			sourceTree = "<group>";
		};
/* End PBXGroup section */

/* Begin PBXNativeTarget section */
		1BD1E4352A59C228009A48E6 /* MyPetProject(BookStore) */ = {
			isa = PBXNativeTarget;
			buildConfigurationList = 1BD1E44A2A59C22B009A48E6 /* Build configuration list for PBXNativeTarget "MyPetProject(BookStore)" */;
			buildPhases = (
				1BD1E4322A59C228009A48E6 /* Sources */,
				1BD1E4332A59C228009A48E6 /* Frameworks */,
				1BD1E4342A59C228009A48E6 /* Resources */,
			);
			buildRules = (
			);
			dependencies = (
			);
			name = "MyPetProject(BookStore)";
			productName = "MyPetProject(BookStore)";
			productReference = 1BD1E4362A59C228009A48E6 /* MyPetProject(BookStore).app */;
			productType = "com.apple.product-type.application";
		};
/* End PBXNativeTarget section */

/* Begin PBXProject section */
		1BD1E42E2A59C228009A48E6 /* Project object */ = {
			isa = PBXProject;
			attributes = {
				BuildIndependentTargetsInParallel = 1;
				LastSwiftUpdateCheck = 1430;
				LastUpgradeCheck = 1430;
				TargetAttributes = {
					1BD1E4352A59C228009A48E6 = {
						CreatedOnToolsVersion = 14.3.1;
					};
				};
			};
			buildConfigurationList = 1BD1E4312A59C228009A48E6 /* Build configuration list for PBXProject "MyPetProject(BookStore)" */;
			compatibilityVersion = "Xcode 14.0";
			developmentRegion = en;
			hasScannedForEncodings = 0;
			knownRegions = (
				en,
				Base,
			);
			mainGroup = 1BD1E42D2A59C228009A48E6;
			productRefGroup = 1BD1E4372A59C228009A48E6 /* Products */;
			projectDirPath = "";
			projectRoot = "";
			targets = (
				1BD1E4352A59C228009A48E6 /* MyPetProject(BookStore) */,
			);
		};
/* End PBXProject section */

/* Begin PBXResourcesBuildPhase section */
		1BD1E4342A59C228009A48E6 /* Resources */ = {
			isa = PBXResourcesBuildPhase;
			buildActionMask = 2147483647;
			files = (
				1BD1E4462A59C22B009A48E6 /* LaunchScreen.storyboard in Resources */,
				1BD1E4432A59C22B009A48E6 /* Assets.xcassets in Resources */,
				1BD1E4412A59C228009A48E6 /* Main.storyboard in Resources */,
			);
			runOnlyForDeploymentPostprocessing = 0;
		};
/* End PBXResourcesBuildPhase section */

/* Begin PBXSourcesBuildPhase section */
		1BD1E4322A59C228009A48E6 /* Sources */ = {
			isa = PBXSourcesBuildPhase;
			buildActionMask = 2147483647;
			files = (
				1BD1E43A2A59C228009A48E6 /* AppDelegate.swift in Sources */,
				1BD1E43C2A59C228009A48E6 /* SceneDelegate.swift in Sources */,
				1BD1E4592A59C766009A48E6 /* MainViewController.swift in Sources */,
				1BD1E45B2A59C800009A48E6 /* RegistrationView.swift in Sources */,
				1BD1E45D2A59C82A009A48E6 /* EmailView.swift in Sources */,
				1BD1E45F2A59C870009A48E6 /* BookCollectionViewController.swift in Sources */,
			);
			runOnlyForDeploymentPostprocessing = 0;
		};
/* End PBXSourcesBuildPhase section */

/* Begin PBXVariantGroup section */
		1BD1E43F2A59C228009A48E6 /* Main.storyboard */ = {
			isa = PBXVariantGroup;
			children = (
				1BD1E4402A59C228009A48E6 /* Base */,
			);
			name = Main.storyboard;
			sourceTree = "<group>";
		};
		1BD1E4442A59C22B009A48E6 /* LaunchScreen.storyboard */ = {
			isa = PBXVariantGroup;
			children = (
				1BD1E4452A59C22B009A48E6 /* Base */,
			);
			name = LaunchScreen.storyboard;
			sourceTree = "<group>";
		};
/* End PBXVariantGroup section */

/* Begin XCBuildConfiguration section */
		1BD1E4482A59C22B009A48E6 /* Debug */ = {
			isa = XCBuildConfiguration;
			buildSettings = {
				ALWAYS_SEARCH_USER_PATHS = NO;
				CLANG_ANALYZER_NONNULL = YES;
				CLANG_ANALYZER_NUMBER_OBJECT_CONVERSION = YES_AGGRESSIVE;
				CLANG_CXX_LANGUAGE_STANDARD = "gnu++20";
				CLANG_ENABLE_MODULES = YES;
				CLANG_ENABLE_OBJC_ARC = YES;
				CLANG_ENABLE_OBJC_WEAK = YES;
				CLANG_WARN_BLOCK_CAPTURE_AUTORELEASING = YES;
				CLANG_WARN_BOOL_CONVERSION = YES;
				CLANG_WARN_COMMA = YES;
				CLANG_WARN_CONSTANT_CONVERSION = YES;
				CLANG_WARN_DEPRECATED_OBJC_IMPLEMENTATIONS = YES;
				CLANG_WARN_DIRECT_OBJC_ISA_USAGE = YES_ERROR;
				CLANG_WARN_DOCUMENTATION_COMMENTS = YES;
				CLANG_WARN_EMPTY_BODY = YES;
				CLANG_WARN_ENUM_CONVERSION = YES;
				CLANG_WARN_INFINITE_RECURSION = YES;
				CLANG_WARN_INT_CONVERSION = YES;
				CLANG_WARN_NON_LITERAL_NULL_CONVERSION = YES;
				CLANG_WARN_OBJC_IMPLICIT_RETAIN_SELF = YES;
				CLANG_WARN_OBJC_LITERAL_CONVERSION = YES;
				CLANG_WARN_OBJC_ROOT_CLASS = YES_ERROR;
				CLANG_WARN_QUOTED_INCLUDE_IN_FRAMEWORK_HEADER = YES;
				CLANG_WARN_RANGE_LOOP_ANALYSIS = YES;
				CLANG_WARN_STRICT_PROTOTYPES = YES;
				CLANG_WARN_SUSPICIOUS_MOVE = YES;
				CLANG_WARN_UNGUARDED_AVAILABILITY = YES_AGGRESSIVE;
				CLANG_WARN_UNREACHABLE_CODE = YES;
				CLANG_WARN__DUPLICATE_METHOD_MATCH = YES;
				COPY_PHASE_STRIP = NO;
				DEBUG_INFORMATION_FORMAT = dwarf;
				ENABLE_STRICT_OBJC_MSGSEND = YES;
				ENABLE_TESTABILITY = YES;
				GCC_C_LANGUAGE_STANDARD = gnu11;
				GCC_DYNAMIC_NO_PIC = NO;
				GCC_NO_COMMON_BLOCKS = YES;
				GCC_OPTIMIZATION_LEVEL = 0;
				GCC_PREPROCESSOR_DEFINITIONS = (
					"DEBUG=1",
					"$(inherited)",
				);
				GCC_WARN_64_TO_32_BIT_CONVERSION = YES;
				GCC_WARN_ABOUT_RETURN_TYPE = YES_ERROR;
				GCC_WARN_UNDECLARED_SELECTOR = YES;
				GCC_WARN_UNINITIALIZED_AUTOS = YES_AGGRESSIVE;
				GCC_WARN_UNUSED_FUNCTION = YES;
				GCC_WARN_UNUSED_VARIABLE = YES;
				IPHONEOS_DEPLOYMENT_TARGET = 16.4;
				MTL_ENABLE_DEBUG_INFO = INCLUDE_SOURCE;
				MTL_FAST_MATH = YES;
				ONLY_ACTIVE_ARCH = YES;
				SDKROOT = iphoneos;
				SWIFT_ACTIVE_COMPILATION_CONDITIONS = DEBUG;
				SWIFT_OPTIMIZATION_LEVEL = "-Onone";
			};
			name = Debug;
		};
		1BD1E4492A59C22B009A48E6 /* Release */ = {
			isa = XCBuildConfiguration;
			buildSettings = {
				ALWAYS_SEARCH_USER_PATHS = NO;
				CLANG_ANALYZER_NONNULL = YES;
				CLANG_ANALYZER_NUMBER_OBJECT_CONVERSION = YES_AGGRESSIVE;
				CLANG_CXX_LANGUAGE_STANDARD = "gnu++20";
				CLANG_ENABLE_MODULES = YES;
				CLANG_ENABLE_OBJC_ARC = YES;
				CLANG_ENABLE_OBJC_WEAK = YES;
				CLANG_WARN_BLOCK_CAPTURE_AUTORELEASING = YES;
				CLANG_WARN_BOOL_CONVERSION = YES;
				CLANG_WARN_COMMA = YES;
				CLANG_WARN_CONSTANT_CONVERSION = YES;
				CLANG_WARN_DEPRECATED_OBJC_IMPLEMENTATIONS = YES;
				CLANG_WARN_DIRECT_OBJC_ISA_USAGE = YES_ERROR;
				CLANG_WARN_DOCUMENTATION_COMMENTS = YES;
				CLANG_WARN_EMPTY_BODY = YES;
				CLANG_WARN_ENUM_CONVERSION = YES;
				CLANG_WARN_INFINITE_RECURSION = YES;
				CLANG_WARN_INT_CONVERSION = YES;
				CLANG_WARN_NON_LITERAL_NULL_CONVERSION = YES;
				CLANG_WARN_OBJC_IMPLICIT_RETAIN_SELF = YES;
				CLANG_WARN_OBJC_LITERAL_CONVERSION = YES;
				CLANG_WARN_OBJC_ROOT_CLASS = YES_ERROR;
				CLANG_WARN_QUOTED_INCLUDE_IN_FRAMEWORK_HEADER = YES;
				CLANG_WARN_RANGE_LOOP_ANALYSIS = YES;
				CLANG_WARN_STRICT_PROTOTYPES = YES;
				CLANG_WARN_SUSPICIOUS_MOVE = YES;
				CLANG_WARN_UNGUARDED_AVAILABILITY = YES_AGGRESSIVE;
				CLANG_WARN_UNREACHABLE_CODE = YES;
				CLANG_WARN__DUPLICATE_METHOD_MATCH = YES;
				COPY_PHASE_STRIP = NO;
				DEBUG_INFORMATION_FORMAT = "dwarf-with-dsym";
				ENABLE_NS_ASSERTIONS = NO;
				ENABLE_STRICT_OBJC_MSGSEND = YES;
				GCC_C_LANGUAGE_STANDARD = gnu11;
				GCC_NO_COMMON_BLOCKS = YES;
				GCC_WARN_64_TO_32_BIT_CONVERSION = YES;
				GCC_WARN_ABOUT_RETURN_TYPE = YES_ERROR;
				GCC_WARN_UNDECLARED_SELECTOR = YES;
				GCC_WARN_UNINITIALIZED_AUTOS = YES_AGGRESSIVE;
				GCC_WARN_UNUSED_FUNCTION = YES;
				GCC_WARN_UNUSED_VARIABLE = YES;
				IPHONEOS_DEPLOYMENT_TARGET = 16.4;
				MTL_ENABLE_DEBUG_INFO = NO;
				MTL_FAST_MATH = YES;
				SDKROOT = iphoneos;
				SWIFT_COMPILATION_MODE = wholemodule;
				SWIFT_OPTIMIZATION_LEVEL = "-O";
				VALIDATE_PRODUCT = YES;
			};
			name = Release;
		};
		1BD1E44B2A59C22B009A48E6 /* Debug */ = {
			isa = XCBuildConfiguration;
			buildSettings = {
				ASSETCATALOG_COMPILER_APPICON_NAME = AppIcon;
				ASSETCATALOG_COMPILER_GLOBAL_ACCENT_COLOR_NAME = AccentColor;
				CODE_SIGN_STYLE = Automatic;
				CURRENT_PROJECT_VERSION = 1;
				GENERATE_INFOPLIST_FILE = YES;
				INFOPLIST_FILE = "MyPetProject(BookStore)/Info.plist";
				INFOPLIST_KEY_UIApplicationSupportsIndirectInputEvents = YES;
				INFOPLIST_KEY_UILaunchStoryboardName = LaunchScreen;
				INFOPLIST_KEY_UIMainStoryboardFile = Main;
				INFOPLIST_KEY_UISupportedInterfaceOrientations_iPad = "UIInterfaceOrientationPortrait UIInterfaceOrientationPortraitUpsideDown UIInterfaceOrientationLandscapeLeft UIInterfaceOrientationLandscapeRight";
				INFOPLIST_KEY_UISupportedInterfaceOrientations_iPhone = "UIInterfaceOrientationPortrait UIInterfaceOrientationLandscapeLeft UIInterfaceOrientationLandscapeRight";
				LD_RUNPATH_SEARCH_PATHS = (
					"$(inherited)",
					"@executable_path/Frameworks",
				);
				MARKETING_VERSION = 1.0;
				PRODUCT_BUNDLE_IDENTIFIER = "Sergio-Mascarpone.MyPetProject-BookStore-";
				PRODUCT_NAME = "$(TARGET_NAME)";
				SWIFT_EMIT_LOC_STRINGS = YES;
				SWIFT_VERSION = 5.0;
				TARGETED_DEVICE_FAMILY = "1,2";
			};
			name = Debug;
		};
		1BD1E44C2A59C22B009A48E6 /* Release */ = {
			isa = XCBuildConfiguration;
			buildSettings = {
				ASSETCATALOG_COMPILER_APPICON_NAME = AppIcon;
				ASSETCATALOG_COMPILER_GLOBAL_ACCENT_COLOR_NAME = AccentColor;
				CODE_SIGN_STYLE = Automatic;
				CURRENT_PROJECT_VERSION = 1;
				GENERATE_INFOPLIST_FILE = YES;
				INFOPLIST_FILE = "MyPetProject(BookStore)/Info.plist";
				INFOPLIST_KEY_UIApplicationSupportsIndirectInputEvents = YES;
				INFOPLIST_KEY_UILaunchStoryboardName = LaunchScreen;
				INFOPLIST_KEY_UIMainStoryboardFile = Main;
				INFOPLIST_KEY_UISupportedInterfaceOrientations_iPad = "UIInterfaceOrientationPortrait UIInterfaceOrientationPortraitUpsideDown UIInterfaceOrientationLandscapeLeft UIInterfaceOrientationLandscapeRight";
				INFOPLIST_KEY_UISupportedInterfaceOrientations_iPhone = "UIInterfaceOrientationPortrait UIInterfaceOrientationLandscapeLeft UIInterfaceOrientationLandscapeRight";
				LD_RUNPATH_SEARCH_PATHS = (
					"$(inherited)",
					"@executable_path/Frameworks",
				);
				MARKETING_VERSION = 1.0;
				PRODUCT_BUNDLE_IDENTIFIER = "Sergio-Mascarpone.MyPetProject-BookStore-";
				PRODUCT_NAME = "$(TARGET_NAME)";
				SWIFT_EMIT_LOC_STRINGS = YES;
				SWIFT_VERSION = 5.0;
				TARGETED_DEVICE_FAMILY = "1,2";
			};
			name = Release;
		};
/* End XCBuildConfiguration section */

/* Begin XCConfigurationList section */
		1BD1E4312A59C228009A48E6 /* Build configuration list for PBXProject "MyPetProject(BookStore)" */ = {
			isa = XCConfigurationList;
			buildConfigurations = (
				1BD1E4482A59C22B009A48E6 /* Debug */,
				1BD1E4492A59C22B009A48E6 /* Release */,
			);
			defaultConfigurationIsVisible = 0;
			defaultConfigurationName = Release;
		};
		1BD1E44A2A59C22B009A48E6 /* Build configuration list for PBXNativeTarget "MyPetProject(BookStore)" */ = {
			isa = XCConfigurationList;
			buildConfigurations = (
				1BD1E44B2A59C22B009A48E6 /* Debug */,
				1BD1E44C2A59C22B009A48E6 /* Release */,
			);
			defaultConfigurationIsVisible = 0;
			defaultConfigurationName = Release;
		};
/* End XCConfigurationList section */
	};
	rootObject = 1BD1E42E2A59C228009A48E6 /* Project object */;
}
