// !$*UTF8*$!
{
	archiveVersion = 1;
	classes = {
	};
	objectVersion = 56;
	objects = {

/* Begin PBXBuildFile section */
		1B6BC96B29BF5DE900A6617A /* AppDelegate.swift in Sources */ = {isa = PBXBuildFile; fileRef = 1B6BC96A29BF5DE900A6617A /* AppDelegate.swift */; };
		1B6BC96D29BF5DE900A6617A /* SceneDelegate.swift in Sources */ = {isa = PBXBuildFile; fileRef = 1B6BC96C29BF5DE900A6617A /* SceneDelegate.swift */; };
		1B6BC96F29BF5DE900A6617A /* MainViewController.swift in Sources */ = {isa = PBXBuildFile; fileRef = 1B6BC96E29BF5DE900A6617A /* MainViewController.swift */; };
		1B6BC97229BF5DE900A6617A /* Main.storyboard in Resources */ = {isa = PBXBuildFile; fileRef = 1B6BC97029BF5DE900A6617A /* Main.storyboard */; };
		1B6BC97429BF5DEA00A6617A /* Assets.xcassets in Resources */ = {isa = PBXBuildFile; fileRef = 1B6BC97329BF5DEA00A6617A /* Assets.xcassets */; };
		1B6BC97729BF5DEA00A6617A /* LaunchScreen.storyboard in Resources */ = {isa = PBXBuildFile; fileRef = 1B6BC97529BF5DEA00A6617A /* LaunchScreen.storyboard */; };
		1B6BC98629BF5F9300A6617A /* TotailBillView.swift in Sources */ = {isa = PBXBuildFile; fileRef = 1B6BC98529BF5F9300A6617A /* TotailBillView.swift */; };
		1B6BC98829BF5FAB00A6617A /* PersonalView.swift in Sources */ = {isa = PBXBuildFile; fileRef = 1B6BC98729BF5FAB00A6617A /* PersonalView.swift */; };
		1B6BC98A29BF5FB900A6617A /* TipsView.swift in Sources */ = {isa = PBXBuildFile; fileRef = 1B6BC98929BF5FB900A6617A /* TipsView.swift */; };
		1B6BC98C29BF5FD700A6617A /* TipsCollectionNewCell.swift in Sources */ = {isa = PBXBuildFile; fileRef = 1B6BC98B29BF5FD700A6617A /* TipsCollectionNewCell.swift */; };
/* End PBXBuildFile section */

/* Begin PBXFileReference section */
		1B6BC96729BF5DE900A6617A /* TotalBill.app */ = {isa = PBXFileReference; explicitFileType = wrapper.application; includeInIndex = 0; path = TotalBill.app; sourceTree = BUILT_PRODUCTS_DIR; };
		1B6BC96A29BF5DE900A6617A /* AppDelegate.swift */ = {isa = PBXFileReference; lastKnownFileType = sourcecode.swift; path = AppDelegate.swift; sourceTree = "<group>"; };
		1B6BC96C29BF5DE900A6617A /* SceneDelegate.swift */ = {isa = PBXFileReference; lastKnownFileType = sourcecode.swift; path = SceneDelegate.swift; sourceTree = "<group>"; };
		1B6BC96E29BF5DE900A6617A /* MainViewController.swift */ = {isa = PBXFileReference; lastKnownFileType = sourcecode.swift; path = MainViewController.swift; sourceTree = "<group>"; };
		1B6BC97129BF5DE900A6617A /* Base */ = {isa = PBXFileReference; lastKnownFileType = file.storyboard; name = Base; path = Base.lproj/Main.storyboard; sourceTree = "<group>"; };
		1B6BC97329BF5DEA00A6617A /* Assets.xcassets */ = {isa = PBXFileReference; lastKnownFileType = folder.assetcatalog; path = Assets.xcassets; sourceTree = "<group>"; };
		1B6BC97629BF5DEA00A6617A /* Base */ = {isa = PBXFileReference; lastKnownFileType = file.storyboard; name = Base; path = Base.lproj/LaunchScreen.storyboard; sourceTree = "<group>"; };
		1B6BC97829BF5DEA00A6617A /* Info.plist */ = {isa = PBXFileReference; lastKnownFileType = text.plist.xml; path = Info.plist; sourceTree = "<group>"; };
		1B6BC98529BF5F9300A6617A /* TotailBillView.swift */ = {isa = PBXFileReference; lastKnownFileType = sourcecode.swift; path = TotailBillView.swift; sourceTree = "<group>"; };
		1B6BC98729BF5FAB00A6617A /* PersonalView.swift */ = {isa = PBXFileReference; lastKnownFileType = sourcecode.swift; path = PersonalView.swift; sourceTree = "<group>"; };
		1B6BC98929BF5FB900A6617A /* TipsView.swift */ = {isa = PBXFileReference; lastKnownFileType = sourcecode.swift; path = TipsView.swift; sourceTree = "<group>"; };
		1B6BC98B29BF5FD700A6617A /* TipsCollectionNewCell.swift */ = {isa = PBXFileReference; lastKnownFileType = sourcecode.swift; path = TipsCollectionNewCell.swift; sourceTree = "<group>"; };
/* End PBXFileReference section */

/* Begin PBXFrameworksBuildPhase section */
		1B6BC96429BF5DE900A6617A /* Frameworks */ = {
			isa = PBXFrameworksBuildPhase;
			buildActionMask = 2147483647;
			files = (
			);
			runOnlyForDeploymentPostprocessing = 0;
		};
/* End PBXFrameworksBuildPhase section */

/* Begin PBXGroup section */
		1B6BC95E29BF5DE900A6617A = {
			isa = PBXGroup;
			children = (
				1B6BC96929BF5DE900A6617A /* TotalBill */,
				1B6BC96829BF5DE900A6617A /* Products */,
			);
			sourceTree = "<group>";
		};
		1B6BC96829BF5DE900A6617A /* Products */ = {
			isa = PBXGroup;
			children = (
				1B6BC96729BF5DE900A6617A /* TotalBill.app */,
			);
			name = Products;
			sourceTree = "<group>";
		};
		1B6BC96929BF5DE900A6617A /* TotalBill */ = {
			isa = PBXGroup;
			children = (
				1B6BC97E29BF5EB700A6617A /* Application */,
				1B6BC97029BF5DE900A6617A /* Main.storyboard */,
				1B6BC97329BF5DEA00A6617A /* Assets.xcassets */,
				1B6BC97529BF5DEA00A6617A /* LaunchScreen.storyboard */,
				1B6BC97829BF5DEA00A6617A /* Info.plist */,
			);
			path = TotalBill;
			sourceTree = "<group>";
		};
		1B6BC97E29BF5EB700A6617A /* Application */ = {
			isa = PBXGroup;
			children = (
				1B6BC96C29BF5DE900A6617A /* SceneDelegate.swift */,
				1B6BC96A29BF5DE900A6617A /* AppDelegate.swift */,
				1B6BC98429BF5F2800A6617A /* Controller */,
				1B6BC98229BF5F1000A6617A /* Views */,
			);
			path = Application;
			sourceTree = "<group>";
		};
		1B6BC98229BF5F1000A6617A /* Views */ = {
			isa = PBXGroup;
			children = (
				1B6BC98329BF5F1800A6617A /* Cells */,
				1B6BC98529BF5F9300A6617A /* TotailBillView.swift */,
				1B6BC98729BF5FAB00A6617A /* PersonalView.swift */,
				1B6BC98929BF5FB900A6617A /* TipsView.swift */,
			);
			path = Views;
			sourceTree = "<group>";
		};
		1B6BC98329BF5F1800A6617A /* Cells */ = {
			isa = PBXGroup;
			children = (
				1B6BC98B29BF5FD700A6617A /* TipsCollectionNewCell.swift */,
			);
			path = Cells;
			sourceTree = "<group>";
		};
		1B6BC98429BF5F2800A6617A /* Controller */ = {
			isa = PBXGroup;
			children = (
				1B6BC96E29BF5DE900A6617A /* MainViewController.swift */,
			);
			path = Controller;
			sourceTree = "<group>";
		};
/* End PBXGroup section */

/* Begin PBXNativeTarget section */
		1B6BC96629BF5DE900A6617A /* TotalBill */ = {
			isa = PBXNativeTarget;
			buildConfigurationList = 1B6BC97B29BF5DEA00A6617A /* Build configuration list for PBXNativeTarget "TotalBill" */;
			buildPhases = (
				1B6BC96329BF5DE900A6617A /* Sources */,
				1B6BC96429BF5DE900A6617A /* Frameworks */,
				1B6BC96529BF5DE900A6617A /* Resources */,
			);
			buildRules = (
			);
			dependencies = (
			);
			name = TotalBill;
			productName = TotalBill;
			productReference = 1B6BC96729BF5DE900A6617A /* TotalBill.app */;
			productType = "com.apple.product-type.application";
		};
/* End PBXNativeTarget section */

/* Begin PBXProject section */
		1B6BC95F29BF5DE900A6617A /* Project object */ = {
			isa = PBXProject;
			attributes = {
				BuildIndependentTargetsInParallel = 1;
				LastSwiftUpdateCheck = 1420;
				LastUpgradeCheck = 1420;
				TargetAttributes = {
					1B6BC96629BF5DE900A6617A = {
						CreatedOnToolsVersion = 14.2;
					};
				};
			};
			buildConfigurationList = 1B6BC96229BF5DE900A6617A /* Build configuration list for PBXProject "TotalBill" */;
			compatibilityVersion = "Xcode 14.0";
			developmentRegion = en;
			hasScannedForEncodings = 0;
			knownRegions = (
				en,
				Base,
			);
			mainGroup = 1B6BC95E29BF5DE900A6617A;
			productRefGroup = 1B6BC96829BF5DE900A6617A /* Products */;
			projectDirPath = "";
			projectRoot = "";
			targets = (
				1B6BC96629BF5DE900A6617A /* TotalBill */,
			);
		};
/* End PBXProject section */

/* Begin PBXResourcesBuildPhase section */
		1B6BC96529BF5DE900A6617A /* Resources */ = {
			isa = PBXResourcesBuildPhase;
			buildActionMask = 2147483647;
			files = (
				1B6BC97729BF5DEA00A6617A /* LaunchScreen.storyboard in Resources */,
				1B6BC97429BF5DEA00A6617A /* Assets.xcassets in Resources */,
				1B6BC97229BF5DE900A6617A /* Main.storyboard in Resources */,
			);
			runOnlyForDeploymentPostprocessing = 0;
		};
/* End PBXResourcesBuildPhase section */

/* Begin PBXSourcesBuildPhase section */
		1B6BC96329BF5DE900A6617A /* Sources */ = {
			isa = PBXSourcesBuildPhase;
			buildActionMask = 2147483647;
			files = (
				1B6BC98A29BF5FB900A6617A /* TipsView.swift in Sources */,
				1B6BC98C29BF5FD700A6617A /* TipsCollectionNewCell.swift in Sources */,
				1B6BC96F29BF5DE900A6617A /* MainViewController.swift in Sources */,
				1B6BC98629BF5F9300A6617A /* TotailBillView.swift in Sources */,
				1B6BC98829BF5FAB00A6617A /* PersonalView.swift in Sources */,
				1B6BC96B29BF5DE900A6617A /* AppDelegate.swift in Sources */,
				1B6BC96D29BF5DE900A6617A /* SceneDelegate.swift in Sources */,
			);
			runOnlyForDeploymentPostprocessing = 0;
		};
/* End PBXSourcesBuildPhase section */

/* Begin PBXVariantGroup section */
		1B6BC97029BF5DE900A6617A /* Main.storyboard */ = {
			isa = PBXVariantGroup;
			children = (
				1B6BC97129BF5DE900A6617A /* Base */,
			);
			name = Main.storyboard;
			sourceTree = "<group>";
		};
		1B6BC97529BF5DEA00A6617A /* LaunchScreen.storyboard */ = {
			isa = PBXVariantGroup;
			children = (
				1B6BC97629BF5DEA00A6617A /* Base */,
			);
			name = LaunchScreen.storyboard;
			sourceTree = "<group>";
		};
/* End PBXVariantGroup section */

/* Begin XCBuildConfiguration section */
		1B6BC97929BF5DEA00A6617A /* Debug */ = {
			isa = XCBuildConfiguration;
			buildSettings = {
				ALWAYS_SEARCH_USER_PATHS = NO;
				CLANG_ANALYZER_NONNULL = YES;
				CLANG_ANALYZER_NUMBER_OBJECT_CONVERSION = YES_AGGRESSIVE;
				CLANG_CXX_LANGUAGE_STANDARD = "gnu++20";
				CLANG_ENABLE_MODULES = YES;
				CLANG_ENABLE_OBJC_ARC = YES;
				CLANG_ENABLE_OBJC_WEAK = YES;
				CLANG_WARN_BLOCK_CAPTURE_AUTORELEASING = YES;
				CLANG_WARN_BOOL_CONVERSION = YES;
				CLANG_WARN_COMMA = YES;
				CLANG_WARN_CONSTANT_CONVERSION = YES;
				CLANG_WARN_DEPRECATED_OBJC_IMPLEMENTATIONS = YES;
				CLANG_WARN_DIRECT_OBJC_ISA_USAGE = YES_ERROR;
				CLANG_WARN_DOCUMENTATION_COMMENTS = YES;
				CLANG_WARN_EMPTY_BODY = YES;
				CLANG_WARN_ENUM_CONVERSION = YES;
				CLANG_WARN_INFINITE_RECURSION = YES;
				CLANG_WARN_INT_CONVERSION = YES;
				CLANG_WARN_NON_LITERAL_NULL_CONVERSION = YES;
				CLANG_WARN_OBJC_IMPLICIT_RETAIN_SELF = YES;
				CLANG_WARN_OBJC_LITERAL_CONVERSION = YES;
				CLANG_WARN_OBJC_ROOT_CLASS = YES_ERROR;
				CLANG_WARN_QUOTED_INCLUDE_IN_FRAMEWORK_HEADER = YES;
				CLANG_WARN_RANGE_LOOP_ANALYSIS = YES;
				CLANG_WARN_STRICT_PROTOTYPES = YES;
				CLANG_WARN_SUSPICIOUS_MOVE = YES;
				CLANG_WARN_UNGUARDED_AVAILABILITY = YES_AGGRESSIVE;
				CLANG_WARN_UNREACHABLE_CODE = YES;
				CLANG_WARN__DUPLICATE_METHOD_MATCH = YES;
				COPY_PHASE_STRIP = NO;
				DEBUG_INFORMATION_FORMAT = dwarf;
				ENABLE_STRICT_OBJC_MSGSEND = YES;
				ENABLE_TESTABILITY = YES;
				GCC_C_LANGUAGE_STANDARD = gnu11;
				GCC_DYNAMIC_NO_PIC = NO;
				GCC_NO_COMMON_BLOCKS = YES;
				GCC_OPTIMIZATION_LEVEL = 0;
				GCC_PREPROCESSOR_DEFINITIONS = (
					"DEBUG=1",
					"$(inherited)",
				);
				GCC_WARN_64_TO_32_BIT_CONVERSION = YES;
				GCC_WARN_ABOUT_RETURN_TYPE = YES_ERROR;
				GCC_WARN_UNDECLARED_SELECTOR = YES;
				GCC_WARN_UNINITIALIZED_AUTOS = YES_AGGRESSIVE;
				GCC_WARN_UNUSED_FUNCTION = YES;
				GCC_WARN_UNUSED_VARIABLE = YES;
				IPHONEOS_DEPLOYMENT_TARGET = 16.2;
				MTL_ENABLE_DEBUG_INFO = INCLUDE_SOURCE;
				MTL_FAST_MATH = YES;
				ONLY_ACTIVE_ARCH = YES;
				SDKROOT = iphoneos;
				SWIFT_ACTIVE_COMPILATION_CONDITIONS = DEBUG;
				SWIFT_OPTIMIZATION_LEVEL = "-Onone";
			};
			name = Debug;
		};
		1B6BC97A29BF5DEA00A6617A /* Release */ = {
			isa = XCBuildConfiguration;
			buildSettings = {
				ALWAYS_SEARCH_USER_PATHS = NO;
				CLANG_ANALYZER_NONNULL = YES;
				CLANG_ANALYZER_NUMBER_OBJECT_CONVERSION = YES_AGGRESSIVE;
				CLANG_CXX_LANGUAGE_STANDARD = "gnu++20";
				CLANG_ENABLE_MODULES = YES;
				CLANG_ENABLE_OBJC_ARC = YES;
				CLANG_ENABLE_OBJC_WEAK = YES;
				CLANG_WARN_BLOCK_CAPTURE_AUTORELEASING = YES;
				CLANG_WARN_BOOL_CONVERSION = YES;
				CLANG_WARN_COMMA = YES;
				CLANG_WARN_CONSTANT_CONVERSION = YES;
				CLANG_WARN_DEPRECATED_OBJC_IMPLEMENTATIONS = YES;
				CLANG_WARN_DIRECT_OBJC_ISA_USAGE = YES_ERROR;
				CLANG_WARN_DOCUMENTATION_COMMENTS = YES;
				CLANG_WARN_EMPTY_BODY = YES;
				CLANG_WARN_ENUM_CONVERSION = YES;
				CLANG_WARN_INFINITE_RECURSION = YES;
				CLANG_WARN_INT_CONVERSION = YES;
				CLANG_WARN_NON_LITERAL_NULL_CONVERSION = YES;
				CLANG_WARN_OBJC_IMPLICIT_RETAIN_SELF = YES;
				CLANG_WARN_OBJC_LITERAL_CONVERSION = YES;
				CLANG_WARN_OBJC_ROOT_CLASS = YES_ERROR;
				CLANG_WARN_QUOTED_INCLUDE_IN_FRAMEWORK_HEADER = YES;
				CLANG_WARN_RANGE_LOOP_ANALYSIS = YES;
				CLANG_WARN_STRICT_PROTOTYPES = YES;
				CLANG_WARN_SUSPICIOUS_MOVE = YES;
				CLANG_WARN_UNGUARDED_AVAILABILITY = YES_AGGRESSIVE;
				CLANG_WARN_UNREACHABLE_CODE = YES;
				CLANG_WARN__DUPLICATE_METHOD_MATCH = YES;
				COPY_PHASE_STRIP = NO;
				DEBUG_INFORMATION_FORMAT = "dwarf-with-dsym";
				ENABLE_NS_ASSERTIONS = NO;
				ENABLE_STRICT_OBJC_MSGSEND = YES;
				GCC_C_LANGUAGE_STANDARD = gnu11;
				GCC_NO_COMMON_BLOCKS = YES;
				GCC_WARN_64_TO_32_BIT_CONVERSION = YES;
				GCC_WARN_ABOUT_RETURN_TYPE = YES_ERROR;
				GCC_WARN_UNDECLARED_SELECTOR = YES;
				GCC_WARN_UNINITIALIZED_AUTOS = YES_AGGRESSIVE;
				GCC_WARN_UNUSED_FUNCTION = YES;
				GCC_WARN_UNUSED_VARIABLE = YES;
				IPHONEOS_DEPLOYMENT_TARGET = 16.2;
				MTL_ENABLE_DEBUG_INFO = NO;
				MTL_FAST_MATH = YES;
				SDKROOT = iphoneos;
				SWIFT_COMPILATION_MODE = wholemodule;
				SWIFT_OPTIMIZATION_LEVEL = "-O";
				VALIDATE_PRODUCT = YES;
			};
			name = Release;
		};
		1B6BC97C29BF5DEA00A6617A /* Debug */ = {
			isa = XCBuildConfiguration;
			buildSettings = {
				ASSETCATALOG_COMPILER_APPICON_NAME = AppIcon;
				ASSETCATALOG_COMPILER_GLOBAL_ACCENT_COLOR_NAME = AccentColor;
				CODE_SIGN_STYLE = Automatic;
				CURRENT_PROJECT_VERSION = 1;
				DEVELOPMENT_TEAM = T4S8AB5682;
				GENERATE_INFOPLIST_FILE = YES;
				INFOPLIST_FILE = TotalBill/Info.plist;
				INFOPLIST_KEY_UIApplicationSupportsIndirectInputEvents = YES;
				INFOPLIST_KEY_UILaunchStoryboardName = LaunchScreen;
				INFOPLIST_KEY_UIMainStoryboardFile = Main;
				INFOPLIST_KEY_UISupportedInterfaceOrientations_iPad = "UIInterfaceOrientationPortrait UIInterfaceOrientationPortraitUpsideDown UIInterfaceOrientationLandscapeLeft UIInterfaceOrientationLandscapeRight";
				INFOPLIST_KEY_UISupportedInterfaceOrientations_iPhone = "UIInterfaceOrientationPortrait UIInterfaceOrientationLandscapeLeft UIInterfaceOrientationLandscapeRight";
				LD_RUNPATH_SEARCH_PATHS = (
					"$(inherited)",
					"@executable_path/Frameworks",
				);
				MARKETING_VERSION = 1.0;
				PRODUCT_BUNDLE_IDENTIFIER = "Sergio-Mascarpone.TotalBill";
				PRODUCT_NAME = "$(TARGET_NAME)";
				SWIFT_EMIT_LOC_STRINGS = YES;
				SWIFT_VERSION = 5.0;
				TARGETED_DEVICE_FAMILY = "1,2";
			};
			name = Debug;
		};
		1B6BC97D29BF5DEA00A6617A /* Release */ = {
			isa = XCBuildConfiguration;
			buildSettings = {
				ASSETCATALOG_COMPILER_APPICON_NAME = AppIcon;
				ASSETCATALOG_COMPILER_GLOBAL_ACCENT_COLOR_NAME = AccentColor;
				CODE_SIGN_STYLE = Automatic;
				CURRENT_PROJECT_VERSION = 1;
				DEVELOPMENT_TEAM = T4S8AB5682;
				GENERATE_INFOPLIST_FILE = YES;
				INFOPLIST_FILE = TotalBill/Info.plist;
				INFOPLIST_KEY_UIApplicationSupportsIndirectInputEvents = YES;
				INFOPLIST_KEY_UILaunchStoryboardName = LaunchScreen;
				INFOPLIST_KEY_UIMainStoryboardFile = Main;
				INFOPLIST_KEY_UISupportedInterfaceOrientations_iPad = "UIInterfaceOrientationPortrait UIInterfaceOrientationPortraitUpsideDown UIInterfaceOrientationLandscapeLeft UIInterfaceOrientationLandscapeRight";
				INFOPLIST_KEY_UISupportedInterfaceOrientations_iPhone = "UIInterfaceOrientationPortrait UIInterfaceOrientationLandscapeLeft UIInterfaceOrientationLandscapeRight";
				LD_RUNPATH_SEARCH_PATHS = (
					"$(inherited)",
					"@executable_path/Frameworks",
				);
				MARKETING_VERSION = 1.0;
				PRODUCT_BUNDLE_IDENTIFIER = "Sergio-Mascarpone.TotalBill";
				PRODUCT_NAME = "$(TARGET_NAME)";
				SWIFT_EMIT_LOC_STRINGS = YES;
				SWIFT_VERSION = 5.0;
				TARGETED_DEVICE_FAMILY = "1,2";
			};
			name = Release;
		};
/* End XCBuildConfiguration section */

/* Begin XCConfigurationList section */
		1B6BC96229BF5DE900A6617A /* Build configuration list for PBXProject "TotalBill" */ = {
			isa = XCConfigurationList;
			buildConfigurations = (
				1B6BC97929BF5DEA00A6617A /* Debug */,
				1B6BC97A29BF5DEA00A6617A /* Release */,
			);
			defaultConfigurationIsVisible = 0;
			defaultConfigurationName = Release;
		};
		1B6BC97B29BF5DEA00A6617A /* Build configuration list for PBXNativeTarget "TotalBill" */ = {
			isa = XCConfigurationList;
			buildConfigurations = (
				1B6BC97C29BF5DEA00A6617A /* Debug */,
				1B6BC97D29BF5DEA00A6617A /* Release */,
			);
			defaultConfigurationIsVisible = 0;
			defaultConfigurationName = Release;
		};
/* End XCConfigurationList section */
	};
	rootObject = 1B6BC95F29BF5DE900A6617A /* Project object */;
}
